
Microsoft Visual Studio Solution File, Format Version 12.00
# Visual Studio Version 16
VisualStudioVersion = 16.0.30204.135
MinimumVisualStudioVersion = 15.0.26124.0
Project("{9A19103F-16F7-4668-BE54-9A1E7A4F7556}") = "gRPC.Client", "Client\gRPC.Client.csproj", "{9806E904-D609-4A84-8581-9600BA7D1FD8}"
EndProject
Project("{9A19103F-16F7-4668-BE54-9A1E7A4F7556}") = "gRPC.Server", "Server\gRPC.Server.csproj", "{4071B520-9E78-4CCE-9507-EE6B9FED4507}"
EndProject
Project("{FAE04EC0-301F-11D3-BF4B-00C04F79EFBC}") = "gRPC.WWW", "WWW\gRPC.WWW\gRPC.WWW.csproj", "{729C5A4F-33FC-4DD2-984E-493AA9A12829}"
EndProject
Global
	GlobalSection(SolutionConfigurationPlatforms) = preSolution
		Debug|Any CPU = Debug|Any CPU
		Debug|x64 = Debug|x64
		Debug|x86 = Debug|x86
		Release|Any CPU = Release|Any CPU
		Release|x64 = Release|x64
		Release|x86 = Release|x86
	EndGlobalSection
	GlobalSection(ProjectConfigurationPlatforms) = postSolution
		{9806E904-D609-4A84-8581-9600BA7D1FD8}.Debug|Any CPU.ActiveCfg = Debug|Any CPU
		{9806E904-D609-4A84-8581-9600BA7D1FD8}.Debug|Any CPU.Build.0 = Debug|Any CPU
		{9806E904-D609-4A84-8581-9600BA7D1FD8}.Debug|x64.ActiveCfg = Debug|Any CPU
		{9806E904-D609-4A84-8581-9600BA7D1FD8}.Debug|x64.Build.0 = Debug|Any CPU
		{9806E904-D609-4A84-8581-9600BA7D1FD8}.Debug|x86.ActiveCfg = Debug|Any CPU
		{9806E904-D609-4A84-8581-9600BA7D1FD8}.Debug|x86.Build.0 = Debug|Any CPU
		{9806E904-D609-4A84-8581-9600BA7D1FD8}.Release|Any CPU.ActiveCfg = Release|Any CPU
		{9806E904-D609-4A84-8581-9600BA7D1FD8}.Release|Any CPU.Build.0 = Release|Any CPU
		{9806E904-D609-4A84-8581-9600BA7D1FD8}.Release|x64.ActiveCfg = Release|Any CPU
		{9806E904-D609-4A84-8581-9600BA7D1FD8}.Release|x64.Build.0 = Release|Any CPU
		{9806E904-D609-4A84-8581-9600BA7D1FD8}.Release|x86.ActiveCfg = Release|Any CPU
		{9806E904-D609-4A84-8581-9600BA7D1FD8}.Release|x86.Build.0 = Release|Any CPU
		{4071B520-9E78-4CCE-9507-EE6B9FED4507}.Debug|Any CPU.ActiveCfg = Debug|Any CPU
		{4071B520-9E78-4CCE-9507-EE6B9FED4507}.Debug|Any CPU.Build.0 = Debug|Any CPU
		{4071B520-9E78-4CCE-9507-EE6B9FED4507}.Debug|x64.ActiveCfg = Debug|Any CPU
		{4071B520-9E78-4CCE-9507-EE6B9FED4507}.Debug|x64.Build.0 = Debug|Any CPU
		{4071B520-9E78-4CCE-9507-EE6B9FED4507}.Debug|x86.ActiveCfg = Debug|Any CPU
		{4071B520-9E78-4CCE-9507-EE6B9FED4507}.Debug|x86.Build.0 = Debug|Any CPU
		{4071B520-9E78-4CCE-9507-EE6B9FED4507}.Release|Any CPU.ActiveCfg = Release|Any CPU
		{4071B520-9E78-4CCE-9507-EE6B9FED4507}.Release|Any CPU.Build.0 = Release|Any CPU
		{4071B520-9E78-4CCE-9507-EE6B9FED4507}.Release|x64.ActiveCfg = Release|Any CPU
		{4071B520-9E78-4CCE-9507-EE6B9FED4507}.Release|x64.Build.0 = Release|Any CPU
		{4071B520-9E78-4CCE-9507-EE6B9FED4507}.Release|x86.ActiveCfg = Release|Any CPU
		{4071B520-9E78-4CCE-9507-EE6B9FED4507}.Release|x86.Build.0 = Release|Any CPU
		{729C5A4F-33FC-4DD2-984E-493AA9A12829}.Debug|Any CPU.ActiveCfg = Debug|Any CPU
		{729C5A4F-33FC-4DD2-984E-493AA9A12829}.Debug|Any CPU.Build.0 = Debug|Any CPU
		{729C5A4F-33FC-4DD2-984E-493AA9A12829}.Debug|x64.ActiveCfg = Debug|Any CPU
		{729C5A4F-33FC-4DD2-984E-493AA9A12829}.Debug|x64.Build.0 = Debug|Any CPU
		{729C5A4F-33FC-4DD2-984E-493AA9A12829}.Debug|x86.ActiveCfg = Debug|Any CPU
		{729C5A4F-33FC-4DD2-984E-493AA9A12829}.Debug|x86.Build.0 = Debug|Any CPU
		{729C5A4F-33FC-4DD2-984E-493AA9A12829}.Release|Any CPU.ActiveCfg = Release|Any CPU
		{729C5A4F-33FC-4DD2-984E-493AA9A12829}.Release|Any CPU.Build.0 = Release|Any CPU
		{729C5A4F-33FC-4DD2-984E-493AA9A12829}.Release|x64.ActiveCfg = Release|Any CPU
		{729C5A4F-33FC-4DD2-984E-493AA9A12829}.Release|x64.Build.0 = Release|Any CPU
		{729C5A4F-33FC-4DD2-984E-493AA9A12829}.Release|x86.ActiveCfg = Release|Any CPU
		{729C5A4F-33FC-4DD2-984E-493AA9A12829}.Release|x86.Build.0 = Release|Any CPU
	EndGlobalSection
	GlobalSection(SolutionProperties) = preSolution
		HideSolutionNode = FALSE
	EndGlobalSection
	GlobalSection(ExtensibilityGlobals) = postSolution
		SolutionGuid = {0D4311AC-597F-4390-8668-86BC895C80BD}
	EndGlobalSection
EndGlobal
